// !$*UTF8*$!
{
	archiveVersion = 1;
	classes = {
	};
	objectVersion = 56;
	objects = {

/* Begin PBXBuildFile section */
		47848BCE29DB3B5C00706D36 /* ARKit_projectApp.swift in Sources */ = {isa = PBXBuildFile; fileRef = 47848BCD29DB3B5C00706D36 /* ARKit_projectApp.swift */; };
		47848BD029DB3B5C00706D36 /* ContentView.swift in Sources */ = {isa = PBXBuildFile; fileRef = 47848BCF29DB3B5C00706D36 /* ContentView.swift */; };
		47848BD229DB3B5D00706D36 /* Assets.xcassets in Resources */ = {isa = PBXBuildFile; fileRef = 47848BD129DB3B5D00706D36 /* Assets.xcassets */; };
		47848BD529DB3B5D00706D36 /* Preview Assets.xcassets in Resources */ = {isa = PBXBuildFile; fileRef = 47848BD429DB3B5D00706D36 /* Preview Assets.xcassets */; };
		47848BDF29DB3B5D00706D36 /* ARKit_projectTests.swift in Sources */ = {isa = PBXBuildFile; fileRef = 47848BDE29DB3B5D00706D36 /* ARKit_projectTests.swift */; };
		47848BE929DB3B5D00706D36 /* ARKit_projectUITests.swift in Sources */ = {isa = PBXBuildFile; fileRef = 47848BE829DB3B5D00706D36 /* ARKit_projectUITests.swift */; };
		47848BEB29DB3B5D00706D36 /* ARKit_projectUITestsLaunchTests.swift in Sources */ = {isa = PBXBuildFile; fileRef = 47848BEA29DB3B5D00706D36 /* ARKit_projectUITestsLaunchTests.swift */; };
		47848BF929DB3D0D00706D36 /* CustomVRView.swift in Sources */ = {isa = PBXBuildFile; fileRef = 47848BF829DB3D0D00706D36 /* CustomVRView.swift */; };
		47848BFB29DB3DDE00706D36 /* CustomARViewRepresentable.swift in Sources */ = {isa = PBXBuildFile; fileRef = 47848BFA29DB3DDE00706D36 /* CustomARViewRepresentable.swift */; };
/* End PBXBuildFile section */

/* Begin PBXContainerItemProxy section */
		47848BDB29DB3B5D00706D36 /* PBXContainerItemProxy */ = {
			isa = PBXContainerItemProxy;
			containerPortal = 47848BC229DB3B5C00706D36 /* Project object */;
			proxyType = 1;
			remoteGlobalIDString = 47848BC929DB3B5C00706D36;
			remoteInfo = "ARKit project";
		};
		47848BE529DB3B5D00706D36 /* PBXContainerItemProxy */ = {
			isa = PBXContainerItemProxy;
			containerPortal = 47848BC229DB3B5C00706D36 /* Project object */;
			proxyType = 1;
			remoteGlobalIDString = 47848BC929DB3B5C00706D36;
			remoteInfo = "ARKit project";
		};
/* End PBXContainerItemProxy section */

/* Begin PBXFileReference section */
		47848BCA29DB3B5C00706D36 /* ARKit project.app */ = {isa = PBXFileReference; explicitFileType = wrapper.application; includeInIndex = 0; path = "ARKit project.app"; sourceTree = BUILT_PRODUCTS_DIR; };
		47848BCD29DB3B5C00706D36 /* ARKit_projectApp.swift */ = {isa = PBXFileReference; lastKnownFileType = sourcecode.swift; path = ARKit_projectApp.swift; sourceTree = "<group>"; };
		47848BCF29DB3B5C00706D36 /* ContentView.swift */ = {isa = PBXFileReference; lastKnownFileType = sourcecode.swift; path = ContentView.swift; sourceTree = "<group>"; };
		47848BD129DB3B5D00706D36 /* Assets.xcassets */ = {isa = PBXFileReference; lastKnownFileType = folder.assetcatalog; path = Assets.xcassets; sourceTree = "<group>"; };
		47848BD429DB3B5D00706D36 /* Preview Assets.xcassets */ = {isa = PBXFileReference; lastKnownFileType = folder.assetcatalog; path = "Preview Assets.xcassets"; sourceTree = "<group>"; };
		47848BDA29DB3B5D00706D36 /* ARKit projectTests.xctest */ = {isa = PBXFileReference; explicitFileType = wrapper.cfbundle; includeInIndex = 0; path = "ARKit projectTests.xctest"; sourceTree = BUILT_PRODUCTS_DIR; };
		47848BDE29DB3B5D00706D36 /* ARKit_projectTests.swift */ = {isa = PBXFileReference; lastKnownFileType = sourcecode.swift; path = ARKit_projectTests.swift; sourceTree = "<group>"; };
		47848BE429DB3B5D00706D36 /* ARKit projectUITests.xctest */ = {isa = PBXFileReference; explicitFileType = wrapper.cfbundle; includeInIndex = 0; path = "ARKit projectUITests.xctest"; sourceTree = BUILT_PRODUCTS_DIR; };
		47848BE829DB3B5D00706D36 /* ARKit_projectUITests.swift */ = {isa = PBXFileReference; lastKnownFileType = sourcecode.swift; path = ARKit_projectUITests.swift; sourceTree = "<group>"; };
		47848BEA29DB3B5D00706D36 /* ARKit_projectUITestsLaunchTests.swift */ = {isa = PBXFileReference; lastKnownFileType = sourcecode.swift; path = ARKit_projectUITestsLaunchTests.swift; sourceTree = "<group>"; };
		47848BF829DB3D0D00706D36 /* CustomVRView.swift */ = {isa = PBXFileReference; lastKnownFileType = sourcecode.swift; path = CustomVRView.swift; sourceTree = "<group>"; };
		47848BFA29DB3DDE00706D36 /* CustomARViewRepresentable.swift */ = {isa = PBXFileReference; lastKnownFileType = sourcecode.swift; path = CustomARViewRepresentable.swift; sourceTree = "<group>"; };
/* End PBXFileReference section */

/* Begin PBXFrameworksBuildPhase section */
		47848BC729DB3B5C00706D36 /* Frameworks */ = {
			isa = PBXFrameworksBuildPhase;
			buildActionMask = 2147483647;
			files = (
			);
			runOnlyForDeploymentPostprocessing = 0;
		};
		47848BD729DB3B5D00706D36 /* Frameworks */ = {
			isa = PBXFrameworksBuildPhase;
			buildActionMask = 2147483647;
			files = (
			);
			runOnlyForDeploymentPostprocessing = 0;
		};
		47848BE129DB3B5D00706D36 /* Frameworks */ = {
			isa = PBXFrameworksBuildPhase;
			buildActionMask = 2147483647;
			files = (
			);
			runOnlyForDeploymentPostprocessing = 0;
		};
/* End PBXFrameworksBuildPhase section */

/* Begin PBXGroup section */
		47848BC129DB3B5C00706D36 = {
			isa = PBXGroup;
			children = (
				47848BCC29DB3B5C00706D36 /* ARKit project */,
				47848BDD29DB3B5D00706D36 /* ARKit projectTests */,
				47848BE729DB3B5D00706D36 /* ARKit projectUITests */,
				47848BCB29DB3B5C00706D36 /* Products */,
			);
			sourceTree = "<group>";
		};
		47848BCB29DB3B5C00706D36 /* Products */ = {
			isa = PBXGroup;
			children = (
				47848BCA29DB3B5C00706D36 /* ARKit project.app */,
				47848BDA29DB3B5D00706D36 /* ARKit projectTests.xctest */,
				47848BE429DB3B5D00706D36 /* ARKit projectUITests.xctest */,
			);
			name = Products;
			sourceTree = "<group>";
		};
		47848BCC29DB3B5C00706D36 /* ARKit project */ = {
			isa = PBXGroup;
			children = (
				47848BF729DB3CD000706D36 /* Feature Targets */,
				47848BCD29DB3B5C00706D36 /* ARKit_projectApp.swift */,
				47848BD129DB3B5D00706D36 /* Assets.xcassets */,
				47848BD329DB3B5D00706D36 /* Preview Content */,
			);
			path = "ARKit project";
			sourceTree = "<group>";
		};
		47848BD329DB3B5D00706D36 /* Preview Content */ = {
			isa = PBXGroup;
			children = (
				47848BD429DB3B5D00706D36 /* Preview Assets.xcassets */,
			);
			path = "Preview Content";
			sourceTree = "<group>";
		};
		47848BDD29DB3B5D00706D36 /* ARKit projectTests */ = {
			isa = PBXGroup;
			children = (
				47848BDE29DB3B5D00706D36 /* ARKit_projectTests.swift */,
			);
			path = "ARKit projectTests";
			sourceTree = "<group>";
		};
		47848BE729DB3B5D00706D36 /* ARKit projectUITests */ = {
			isa = PBXGroup;
			children = (
				47848BE829DB3B5D00706D36 /* ARKit_projectUITests.swift */,
				47848BEA29DB3B5D00706D36 /* ARKit_projectUITestsLaunchTests.swift */,
			);
			path = "ARKit projectUITests";
			sourceTree = "<group>";
		};
		47848BF729DB3CD000706D36 /* Feature Targets */ = {
			isa = PBXGroup;
			children = (
				47848BCF29DB3B5C00706D36 /* ContentView.swift */,
				47848BF829DB3D0D00706D36 /* CustomVRView.swift */,
				47848BFA29DB3DDE00706D36 /* CustomARViewRepresentable.swift */,
			);
			path = "Feature Targets";
			sourceTree = "<group>";
		};
/* End PBXGroup section */

/* Begin PBXNativeTarget section */
		47848BC929DB3B5C00706D36 /* ARKit project */ = {
			isa = PBXNativeTarget;
			buildConfigurationList = 47848BEE29DB3B5D00706D36 /* Build configuration list for PBXNativeTarget "ARKit project" */;
			buildPhases = (
				47848BC629DB3B5C00706D36 /* Sources */,
				47848BC729DB3B5C00706D36 /* Frameworks */,
				47848BC829DB3B5C00706D36 /* Resources */,
			);
			buildRules = (
			);
			dependencies = (
			);
			name = "ARKit project";
			productName = "ARKit project";
			productReference = 47848BCA29DB3B5C00706D36 /* ARKit project.app */;
			productType = "com.apple.product-type.application";
		};
		47848BD929DB3B5D00706D36 /* ARKit projectTests */ = {
			isa = PBXNativeTarget;
			buildConfigurationList = 47848BF129DB3B5D00706D36 /* Build configuration list for PBXNativeTarget "ARKit projectTests" */;
			buildPhases = (
				47848BD629DB3B5D00706D36 /* Sources */,
				47848BD729DB3B5D00706D36 /* Frameworks */,
				47848BD829DB3B5D00706D36 /* Resources */,
			);
			buildRules = (
			);
			dependencies = (
				47848BDC29DB3B5D00706D36 /* PBXTargetDependency */,
			);
			name = "ARKit projectTests";
			productName = "ARKit projectTests";
			productReference = 47848BDA29DB3B5D00706D36 /* ARKit projectTests.xctest */;
			productType = "com.apple.product-type.bundle.unit-test";
		};
		47848BE329DB3B5D00706D36 /* ARKit projectUITests */ = {
			isa = PBXNativeTarget;
			buildConfigurationList = 47848BF429DB3B5D00706D36 /* Build configuration list for PBXNativeTarget "ARKit projectUITests" */;
			buildPhases = (
				47848BE029DB3B5D00706D36 /* Sources */,
				47848BE129DB3B5D00706D36 /* Frameworks */,
				47848BE229DB3B5D00706D36 /* Resources */,
			);
			buildRules = (
			);
			dependencies = (
				47848BE629DB3B5D00706D36 /* PBXTargetDependency */,
			);
			name = "ARKit projectUITests";
			productName = "ARKit projectUITests";
			productReference = 47848BE429DB3B5D00706D36 /* ARKit projectUITests.xctest */;
			productType = "com.apple.product-type.bundle.ui-testing";
		};
/* End PBXNativeTarget section */

/* Begin PBXProject section */
		47848BC229DB3B5C00706D36 /* Project object */ = {
			isa = PBXProject;
			attributes = {
				BuildIndependentTargetsInParallel = 1;
				LastSwiftUpdateCheck = 1420;
				LastUpgradeCheck = 1420;
				TargetAttributes = {
					47848BC929DB3B5C00706D36 = {
						CreatedOnToolsVersion = 14.2;
					};
					47848BD929DB3B5D00706D36 = {
						CreatedOnToolsVersion = 14.2;
						TestTargetID = 47848BC929DB3B5C00706D36;
					};
					47848BE329DB3B5D00706D36 = {
						CreatedOnToolsVersion = 14.2;
						TestTargetID = 47848BC929DB3B5C00706D36;
					};
				};
			};
			buildConfigurationList = 47848BC529DB3B5C00706D36 /* Build configuration list for PBXProject "ARKit project" */;
			compatibilityVersion = "Xcode 14.0";
			developmentRegion = en;
			hasScannedForEncodings = 0;
			knownRegions = (
				en,
				Base,
			);
			mainGroup = 47848BC129DB3B5C00706D36;
			productRefGroup = 47848BCB29DB3B5C00706D36 /* Products */;
			projectDirPath = "";
			projectRoot = "";
			targets = (
				47848BC929DB3B5C00706D36 /* ARKit project */,
				47848BD929DB3B5D00706D36 /* ARKit projectTests */,
				47848BE329DB3B5D00706D36 /* ARKit projectUITests */,
			);
		};
/* End PBXProject section */

/* Begin PBXResourcesBuildPhase section */
		47848BC829DB3B5C00706D36 /* Resources */ = {
			isa = PBXResourcesBuildPhase;
			buildActionMask = 2147483647;
			files = (
				47848BD529DB3B5D00706D36 /* Preview Assets.xcassets in Resources */,
				47848BD229DB3B5D00706D36 /* Assets.xcassets in Resources */,
			);
			runOnlyForDeploymentPostprocessing = 0;
		};
		47848BD829DB3B5D00706D36 /* Resources */ = {
			isa = PBXResourcesBuildPhase;
			buildActionMask = 2147483647;
			files = (
			);
			runOnlyForDeploymentPostprocessing = 0;
		};
		47848BE229DB3B5D00706D36 /* Resources */ = {
			isa = PBXResourcesBuildPhase;
			buildActionMask = 2147483647;
			files = (
			);
			runOnlyForDeploymentPostprocessing = 0;
		};
/* End PBXResourcesBuildPhase section */

/* Begin PBXSourcesBuildPhase section */
		47848BC629DB3B5C00706D36 /* Sources */ = {
			isa = PBXSourcesBuildPhase;
			buildActionMask = 2147483647;
			files = (
				47848BF929DB3D0D00706D36 /* CustomVRView.swift in Sources */,
				47848BD029DB3B5C00706D36 /* ContentView.swift in Sources */,
				47848BCE29DB3B5C00706D36 /* ARKit_projectApp.swift in Sources */,
				47848BFB29DB3DDE00706D36 /* CustomARViewRepresentable.swift in Sources */,
			);
			runOnlyForDeploymentPostprocessing = 0;
		};
		47848BD629DB3B5D00706D36 /* Sources */ = {
			isa = PBXSourcesBuildPhase;
			buildActionMask = 2147483647;
			files = (
				47848BDF29DB3B5D00706D36 /* ARKit_projectTests.swift in Sources */,
			);
			runOnlyForDeploymentPostprocessing = 0;
		};
		47848BE029DB3B5D00706D36 /* Sources */ = {
			isa = PBXSourcesBuildPhase;
			buildActionMask = 2147483647;
			files = (
				47848BEB29DB3B5D00706D36 /* ARKit_projectUITestsLaunchTests.swift in Sources */,
				47848BE929DB3B5D00706D36 /* ARKit_projectUITests.swift in Sources */,
			);
			runOnlyForDeploymentPostprocessing = 0;
		};
/* End PBXSourcesBuildPhase section */

/* Begin PBXTargetDependency section */
		47848BDC29DB3B5D00706D36 /* PBXTargetDependency */ = {
			isa = PBXTargetDependency;
			target = 47848BC929DB3B5C00706D36 /* ARKit project */;
			targetProxy = 47848BDB29DB3B5D00706D36 /* PBXContainerItemProxy */;
		};
		47848BE629DB3B5D00706D36 /* PBXTargetDependency */ = {
			isa = PBXTargetDependency;
			target = 47848BC929DB3B5C00706D36 /* ARKit project */;
			targetProxy = 47848BE529DB3B5D00706D36 /* PBXContainerItemProxy */;
		};
/* End PBXTargetDependency section */

/* Begin XCBuildConfiguration section */
		47848BEC29DB3B5D00706D36 /* Debug */ = {
			isa = XCBuildConfiguration;
			buildSettings = {
				ALWAYS_SEARCH_USER_PATHS = NO;
				CLANG_ANALYZER_NONNULL = YES;
				CLANG_ANALYZER_NUMBER_OBJECT_CONVERSION = YES_AGGRESSIVE;
				CLANG_CXX_LANGUAGE_STANDARD = "gnu++20";
				CLANG_ENABLE_MODULES = YES;
				CLANG_ENABLE_OBJC_ARC = YES;
				CLANG_ENABLE_OBJC_WEAK = YES;
				CLANG_WARN_BLOCK_CAPTURE_AUTORELEASING = YES;
				CLANG_WARN_BOOL_CONVERSION = YES;
				CLANG_WARN_COMMA = YES;
				CLANG_WARN_CONSTANT_CONVERSION = YES;
				CLANG_WARN_DEPRECATED_OBJC_IMPLEMENTATIONS = YES;
				CLANG_WARN_DIRECT_OBJC_ISA_USAGE = YES_ERROR;
				CLANG_WARN_DOCUMENTATION_COMMENTS = YES;
				CLANG_WARN_EMPTY_BODY = YES;
				CLANG_WARN_ENUM_CONVERSION = YES;
				CLANG_WARN_INFINITE_RECURSION = YES;
				CLANG_WARN_INT_CONVERSION = YES;
				CLANG_WARN_NON_LITERAL_NULL_CONVERSION = YES;
				CLANG_WARN_OBJC_IMPLICIT_RETAIN_SELF = YES;
				CLANG_WARN_OBJC_LITERAL_CONVERSION = YES;
				CLANG_WARN_OBJC_ROOT_CLASS = YES_ERROR;
				CLANG_WARN_QUOTED_INCLUDE_IN_FRAMEWORK_HEADER = YES;
				CLANG_WARN_RANGE_LOOP_ANALYSIS = YES;
				CLANG_WARN_STRICT_PROTOTYPES = YES;
				CLANG_WARN_SUSPICIOUS_MOVE = YES;
				CLANG_WARN_UNGUARDED_AVAILABILITY = YES_AGGRESSIVE;
				CLANG_WARN_UNREACHABLE_CODE = YES;
				CLANG_WARN__DUPLICATE_METHOD_MATCH = YES;
				COPY_PHASE_STRIP = NO;
				DEBUG_INFORMATION_FORMAT = dwarf;
				ENABLE_STRICT_OBJC_MSGSEND = YES;
				ENABLE_TESTABILITY = YES;
				GCC_C_LANGUAGE_STANDARD = gnu11;
				GCC_DYNAMIC_NO_PIC = NO;
				GCC_NO_COMMON_BLOCKS = YES;
				GCC_OPTIMIZATION_LEVEL = 0;
				GCC_PREPROCESSOR_DEFINITIONS = (
					"DEBUG=1",
					"$(inherited)",
				);
				GCC_WARN_64_TO_32_BIT_CONVERSION = YES;
				GCC_WARN_ABOUT_RETURN_TYPE = YES_ERROR;
				GCC_WARN_UNDECLARED_SELECTOR = YES;
				GCC_WARN_UNINITIALIZED_AUTOS = YES_AGGRESSIVE;
				GCC_WARN_UNUSED_FUNCTION = YES;
				GCC_WARN_UNUSED_VARIABLE = YES;
				IPHONEOS_DEPLOYMENT_TARGET = 16.2;
				MTL_ENABLE_DEBUG_INFO = INCLUDE_SOURCE;
				MTL_FAST_MATH = YES;
				ONLY_ACTIVE_ARCH = YES;
				SDKROOT = iphoneos;
				SWIFT_ACTIVE_COMPILATION_CONDITIONS = DEBUG;
				SWIFT_OPTIMIZATION_LEVEL = "-Onone";
			};
			name = Debug;
		};
		47848BED29DB3B5D00706D36 /* Release */ = {
			isa = XCBuildConfiguration;
			buildSettings = {
				ALWAYS_SEARCH_USER_PATHS = NO;
				CLANG_ANALYZER_NONNULL = YES;
				CLANG_ANALYZER_NUMBER_OBJECT_CONVERSION = YES_AGGRESSIVE;
				CLANG_CXX_LANGUAGE_STANDARD = "gnu++20";
				CLANG_ENABLE_MODULES = YES;
				CLANG_ENABLE_OBJC_ARC = YES;
				CLANG_ENABLE_OBJC_WEAK = YES;
				CLANG_WARN_BLOCK_CAPTURE_AUTORELEASING = YES;
				CLANG_WARN_BOOL_CONVERSION = YES;
				CLANG_WARN_COMMA = YES;
				CLANG_WARN_CONSTANT_CONVERSION = YES;
				CLANG_WARN_DEPRECATED_OBJC_IMPLEMENTATIONS = YES;
				CLANG_WARN_DIRECT_OBJC_ISA_USAGE = YES_ERROR;
				CLANG_WARN_DOCUMENTATION_COMMENTS = YES;
				CLANG_WARN_EMPTY_BODY = YES;
				CLANG_WARN_ENUM_CONVERSION = YES;
				CLANG_WARN_INFINITE_RECURSION = YES;
				CLANG_WARN_INT_CONVERSION = YES;
				CLANG_WARN_NON_LITERAL_NULL_CONVERSION = YES;
				CLANG_WARN_OBJC_IMPLICIT_RETAIN_SELF = YES;
				CLANG_WARN_OBJC_LITERAL_CONVERSION = YES;
				CLANG_WARN_OBJC_ROOT_CLASS = YES_ERROR;
				CLANG_WARN_QUOTED_INCLUDE_IN_FRAMEWORK_HEADER = YES;
				CLANG_WARN_RANGE_LOOP_ANALYSIS = YES;
				CLANG_WARN_STRICT_PROTOTYPES = YES;
				CLANG_WARN_SUSPICIOUS_MOVE = YES;
				CLANG_WARN_UNGUARDED_AVAILABILITY = YES_AGGRESSIVE;
				CLANG_WARN_UNREACHABLE_CODE = YES;
				CLANG_WARN__DUPLICATE_METHOD_MATCH = YES;
				COPY_PHASE_STRIP = NO;
				DEBUG_INFORMATION_FORMAT = "dwarf-with-dsym";
				ENABLE_NS_ASSERTIONS = NO;
				ENABLE_STRICT_OBJC_MSGSEND = YES;
				GCC_C_LANGUAGE_STANDARD = gnu11;
				GCC_NO_COMMON_BLOCKS = YES;
				GCC_WARN_64_TO_32_BIT_CONVERSION = YES;
				GCC_WARN_ABOUT_RETURN_TYPE = YES_ERROR;
				GCC_WARN_UNDECLARED_SELECTOR = YES;
				GCC_WARN_UNINITIALIZED_AUTOS = YES_AGGRESSIVE;
				GCC_WARN_UNUSED_FUNCTION = YES;
				GCC_WARN_UNUSED_VARIABLE = YES;
				IPHONEOS_DEPLOYMENT_TARGET = 16.2;
				MTL_ENABLE_DEBUG_INFO = NO;
				MTL_FAST_MATH = YES;
				SDKROOT = iphoneos;
				SWIFT_COMPILATION_MODE = wholemodule;
				SWIFT_OPTIMIZATION_LEVEL = "-O";
				VALIDATE_PRODUCT = YES;
			};
			name = Release;
		};
		47848BEF29DB3B5D00706D36 /* Debug */ = {
			isa = XCBuildConfiguration;
			buildSettings = {
				ASSETCATALOG_COMPILER_APPICON_NAME = AppIcon;
				ASSETCATALOG_COMPILER_GLOBAL_ACCENT_COLOR_NAME = AccentColor;
				CODE_SIGN_STYLE = Automatic;
				CURRENT_PROJECT_VERSION = 1;
				DEVELOPMENT_ASSET_PATHS = "\"ARKit project/Preview Content\"";
				DEVELOPMENT_TEAM = YL9AB8R8B4;
				ENABLE_PREVIEWS = YES;
				GENERATE_INFOPLIST_FILE = YES;
				INFOPLIST_KEY_NSCameraUsageDescription = "Needed to show AR";
				INFOPLIST_KEY_UIApplicationSceneManifest_Generation = YES;
				INFOPLIST_KEY_UIApplicationSupportsIndirectInputEvents = YES;
				INFOPLIST_KEY_UILaunchScreen_Generation = YES;
				INFOPLIST_KEY_UISupportedInterfaceOrientations_iPad = "UIInterfaceOrientationPortrait UIInterfaceOrientationPortraitUpsideDown UIInterfaceOrientationLandscapeLeft UIInterfaceOrientationLandscapeRight";
				INFOPLIST_KEY_UISupportedInterfaceOrientations_iPhone = "UIInterfaceOrientationPortrait UIInterfaceOrientationLandscapeLeft UIInterfaceOrientationLandscapeRight";
				LD_RUNPATH_SEARCH_PATHS = (
					"$(inherited)",
					"@executable_path/Frameworks",
				);
				MARKETING_VERSION = 1.0;
				PRODUCT_BUNDLE_IDENTIFIER = "macosoft.ARKit-project";
				PRODUCT_NAME = "$(TARGET_NAME)";
				SWIFT_EMIT_LOC_STRINGS = YES;
				SWIFT_VERSION = 5.0;
				TARGETED_DEVICE_FAMILY = "1,2";
			};
			name = Debug;
		};
		47848BF029DB3B5D00706D36 /* Release */ = {
			isa = XCBuildConfiguration;
			buildSettings = {
				ASSETCATALOG_COMPILER_APPICON_NAME = AppIcon;
				ASSETCATALOG_COMPILER_GLOBAL_ACCENT_COLOR_NAME = AccentColor;
				CODE_SIGN_STYLE = Automatic;
				CURRENT_PROJECT_VERSION = 1;
				DEVELOPMENT_ASSET_PATHS = "\"ARKit project/Preview Content\"";
				DEVELOPMENT_TEAM = YL9AB8R8B4;
				ENABLE_PREVIEWS = YES;
				GENERATE_INFOPLIST_FILE = YES;
				INFOPLIST_KEY_NSCameraUsageDescription = "Needed to show AR";
				INFOPLIST_KEY_UIApplicationSceneManifest_Generation = YES;
				INFOPLIST_KEY_UIApplicationSupportsIndirectInputEvents = YES;
				INFOPLIST_KEY_UILaunchScreen_Generation = YES;
				INFOPLIST_KEY_UISupportedInterfaceOrientations_iPad = "UIInterfaceOrientationPortrait UIInterfaceOrientationPortraitUpsideDown UIInterfaceOrientationLandscapeLeft UIInterfaceOrientationLandscapeRight";
				INFOPLIST_KEY_UISupportedInterfaceOrientations_iPhone = "UIInterfaceOrientationPortrait UIInterfaceOrientationLandscapeLeft UIInterfaceOrientationLandscapeRight";
				LD_RUNPATH_SEARCH_PATHS = (
					"$(inherited)",
					"@executable_path/Frameworks",
				);
				MARKETING_VERSION = 1.0;
				PRODUCT_BUNDLE_IDENTIFIER = "macosoft.ARKit-project";
				PRODUCT_NAME = "$(TARGET_NAME)";
				SWIFT_EMIT_LOC_STRINGS = YES;
				SWIFT_VERSION = 5.0;
				TARGETED_DEVICE_FAMILY = "1,2";
			};
			name = Release;
		};
		47848BF229DB3B5D00706D36 /* Debug */ = {
			isa = XCBuildConfiguration;
			buildSettings = {
				ALWAYS_EMBED_SWIFT_STANDARD_LIBRARIES = YES;
				BUNDLE_LOADER = "$(TEST_HOST)";
				CODE_SIGN_STYLE = Automatic;
				CURRENT_PROJECT_VERSION = 1;
				GENERATE_INFOPLIST_FILE = YES;
				IPHONEOS_DEPLOYMENT_TARGET = 16.2;
				MARKETING_VERSION = 1.0;
				PRODUCT_BUNDLE_IDENTIFIER = "macosoft.ARKit-projectTests";
				PRODUCT_NAME = "$(TARGET_NAME)";
				SWIFT_EMIT_LOC_STRINGS = NO;
				SWIFT_VERSION = 5.0;
				TARGETED_DEVICE_FAMILY = "1,2";
				TEST_HOST = "$(BUILT_PRODUCTS_DIR)/ARKit project.app/$(BUNDLE_EXECUTABLE_FOLDER_PATH)/ARKit project";
			};
			name = Debug;
		};
		47848BF329DB3B5D00706D36 /* Release */ = {
			isa = XCBuildConfiguration;
			buildSettings = {
				ALWAYS_EMBED_SWIFT_STANDARD_LIBRARIES = YES;
				BUNDLE_LOADER = "$(TEST_HOST)";
				CODE_SIGN_STYLE = Automatic;
				CURRENT_PROJECT_VERSION = 1;
				GENERATE_INFOPLIST_FILE = YES;
				IPHONEOS_DEPLOYMENT_TARGET = 16.2;
				MARKETING_VERSION = 1.0;
				PRODUCT_BUNDLE_IDENTIFIER = "macosoft.ARKit-projectTests";
				PRODUCT_NAME = "$(TARGET_NAME)";
				SWIFT_EMIT_LOC_STRINGS = NO;
				SWIFT_VERSION = 5.0;
				TARGETED_DEVICE_FAMILY = "1,2";
				TEST_HOST = "$(BUILT_PRODUCTS_DIR)/ARKit project.app/$(BUNDLE_EXECUTABLE_FOLDER_PATH)/ARKit project";
			};
			name = Release;
		};
		47848BF529DB3B5D00706D36 /* Debug */ = {
			isa = XCBuildConfiguration;
			buildSettings = {
				ALWAYS_EMBED_SWIFT_STANDARD_LIBRARIES = YES;
				CODE_SIGN_STYLE = Automatic;
				CURRENT_PROJECT_VERSION = 1;
				GENERATE_INFOPLIST_FILE = YES;
				MARKETING_VERSION = 1.0;
				PRODUCT_BUNDLE_IDENTIFIER = "macosoft.ARKit-projectUITests";
				PRODUCT_NAME = "$(TARGET_NAME)";
				SWIFT_EMIT_LOC_STRINGS = NO;
				SWIFT_VERSION = 5.0;
				TARGETED_DEVICE_FAMILY = "1,2";
				TEST_TARGET_NAME = "ARKit project";
			};
			name = Debug;
		};
		47848BF629DB3B5D00706D36 /* Release */ = {
			isa = XCBuildConfiguration;
			buildSettings = {
				ALWAYS_EMBED_SWIFT_STANDARD_LIBRARIES = YES;
				CODE_SIGN_STYLE = Automatic;
				CURRENT_PROJECT_VERSION = 1;
				GENERATE_INFOPLIST_FILE = YES;
				MARKETING_VERSION = 1.0;
				PRODUCT_BUNDLE_IDENTIFIER = "macosoft.ARKit-projectUITests";
				PRODUCT_NAME = "$(TARGET_NAME)";
				SWIFT_EMIT_LOC_STRINGS = NO;
				SWIFT_VERSION = 5.0;
				TARGETED_DEVICE_FAMILY = "1,2";
				TEST_TARGET_NAME = "ARKit project";
			};
			name = Release;
		};
/* End XCBuildConfiguration section */

/* Begin XCConfigurationList section */
		47848BC529DB3B5C00706D36 /* Build configuration list for PBXProject "ARKit project" */ = {
			isa = XCConfigurationList;
			buildConfigurations = (
				47848BEC29DB3B5D00706D36 /* Debug */,
				47848BED29DB3B5D00706D36 /* Release */,
			);
			defaultConfigurationIsVisible = 0;
			defaultConfigurationName = Release;
		};
		47848BEE29DB3B5D00706D36 /* Build configuration list for PBXNativeTarget "ARKit project" */ = {
			isa = XCConfigurationList;
			buildConfigurations = (
				47848BEF29DB3B5D00706D36 /* Debug */,
				47848BF029DB3B5D00706D36 /* Release */,
			);
			defaultConfigurationIsVisible = 0;
			defaultConfigurationName = Release;
		};
		47848BF129DB3B5D00706D36 /* Build configuration list for PBXNativeTarget "ARKit projectTests" */ = {
			isa = XCConfigurationList;
			buildConfigurations = (
				47848BF229DB3B5D00706D36 /* Debug */,
				47848BF329DB3B5D00706D36 /* Release */,
			);
			defaultConfigurationIsVisible = 0;
			defaultConfigurationName = Release;
		};
		47848BF429DB3B5D00706D36 /* Build configuration list for PBXNativeTarget "ARKit projectUITests" */ = {
			isa = XCConfigurationList;
			buildConfigurations = (
				47848BF529DB3B5D00706D36 /* Debug */,
				47848BF629DB3B5D00706D36 /* Release */,
			);
			defaultConfigurationIsVisible = 0;
			defaultConfigurationName = Release;
		};
/* End XCConfigurationList section */
	};
	rootObject = 47848BC229DB3B5C00706D36 /* Project object */;
}
